
Microsoft Visual Studio Solution File, Format Version 12.00
# Visual Studio Version 17
VisualStudioVersion = 17.6.33815.320
MinimumVisualStudioVersion = 10.0.40219.1
Project("{F184B08F-C81C-45F6-A57F-5ABD9991F28F}") = "LINQArrayOrderBy", "LINQArrayOrderBy.vbproj", "{0A3DFF8A-765B-40AF-BBD3-66D1E74D54F6}"
EndProject
Global
	GlobalSection(SolutionConfigurationPlatforms) = preSolution
		Debug|Any CPU = Debug|Any CPU
		Release|Any CPU = Release|Any CPU
	EndGlobalSection
	GlobalSection(ProjectConfigurationPlatforms) = postSolution
		{0A3DFF8A-765B-40AF-BBD3-66D1E74D54F6}.Debug|Any CPU.ActiveCfg = Debug|Any CPU
		{0A3DFF8A-765B-40AF-BBD3-66D1E74D54F6}.Debug|Any CPU.Build.0 = Debug|Any CPU
		{0A3DFF8A-765B-40AF-BBD3-66D1E74D54F6}.Release|Any CPU.ActiveCfg = Release|Any CPU
		{0A3DFF8A-765B-40AF-BBD3-66D1E74D54F6}.Release|Any CPU.Build.0 = Release|Any CPU
	EndGlobalSection
	GlobalSection(SolutionProperties) = preSolution
		HideSolutionNode = FALSE
	EndGlobalSection
	GlobalSection(ExtensibilityGlobals) = postSolution
		SolutionGuid = {F22EB875-EFEB-49E3-8146-C45FB102331C}
	EndGlobalSection
EndGlobal
