
Microsoft Visual Studio Solution File, Format Version 12.00
# Visual Studio Version 17
VisualStudioVersion = 17.6.33815.320
MinimumVisualStudioVersion = 10.0.40219.1
Project("{F184B08F-C81C-45F6-A57F-5ABD9991F28F}") = "BankingCredentials", "BankingCredentials.vbproj", "{DE3B2F68-28F3-4F5A-8E5C-185088E7D68C}"
EndProject
Global
	GlobalSection(SolutionConfigurationPlatforms) = preSolution
		Debug|Any CPU = Debug|Any CPU
		Release|Any CPU = Release|Any CPU
	EndGlobalSection
	GlobalSection(ProjectConfigurationPlatforms) = postSolution
		{DE3B2F68-28F3-4F5A-8E5C-185088E7D68C}.Debug|Any CPU.ActiveCfg = Debug|Any CPU
		{DE3B2F68-28F3-4F5A-8E5C-185088E7D68C}.Debug|Any CPU.Build.0 = Debug|Any CPU
		{DE3B2F68-28F3-4F5A-8E5C-185088E7D68C}.Release|Any CPU.ActiveCfg = Release|Any CPU
		{DE3B2F68-28F3-4F5A-8E5C-185088E7D68C}.Release|Any CPU.Build.0 = Release|Any CPU
	EndGlobalSection
	GlobalSection(SolutionProperties) = preSolution
		HideSolutionNode = FALSE
	EndGlobalSection
	GlobalSection(ExtensibilityGlobals) = postSolution
		SolutionGuid = {7C76AF3A-6B46-47C4-A980-B0FAE3340785}
	EndGlobalSection
EndGlobal
