
Microsoft Visual Studio Solution File, Format Version 12.00
# Visual Studio Version 17
VisualStudioVersion = 17.6.33815.320
MinimumVisualStudioVersion = 10.0.40219.1
Project("{F184B08F-C81C-45F6-A57F-5ABD9991F28F}") = "DatabaseOperationsEncapsulationInterface2", "DatabaseOperationsEncapsulationInterface2.vbproj", "{43716197-0884-4D5E-BB5A-0BA4088234C6}"
EndProject
Global
	GlobalSection(SolutionConfigurationPlatforms) = preSolution
		Debug|Any CPU = Debug|Any CPU
		Release|Any CPU = Release|Any CPU
	EndGlobalSection
	GlobalSection(ProjectConfigurationPlatforms) = postSolution
		{43716197-0884-4D5E-BB5A-0BA4088234C6}.Debug|Any CPU.ActiveCfg = Debug|Any CPU
		{43716197-0884-4D5E-BB5A-0BA4088234C6}.Debug|Any CPU.Build.0 = Debug|Any CPU
		{43716197-0884-4D5E-BB5A-0BA4088234C6}.Release|Any CPU.ActiveCfg = Release|Any CPU
		{43716197-0884-4D5E-BB5A-0BA4088234C6}.Release|Any CPU.Build.0 = Release|Any CPU
	EndGlobalSection
	GlobalSection(SolutionProperties) = preSolution
		HideSolutionNode = FALSE
	EndGlobalSection
	GlobalSection(ExtensibilityGlobals) = postSolution
		SolutionGuid = {FC40E2A3-C954-451C-A8E5-444E1346508A}
	EndGlobalSection
EndGlobal
