
Microsoft Visual Studio Solution File, Format Version 12.00
# Visual Studio Version 17
VisualStudioVersion = 17.6.33815.320
MinimumVisualStudioVersion = 10.0.40219.1
Project("{F184B08F-C81C-45F6-A57F-5ABD9991F28F}") = "DatabaseOperationsEncapsulationInterface5", "DatabaseOperationsEncapsulationInterface5.vbproj", "{AAB7B9FF-3ECD-4854-AD04-3D5565745F17}"
EndProject
Global
	GlobalSection(SolutionConfigurationPlatforms) = preSolution
		Debug|Any CPU = Debug|Any CPU
		Release|Any CPU = Release|Any CPU
	EndGlobalSection
	GlobalSection(ProjectConfigurationPlatforms) = postSolution
		{AAB7B9FF-3ECD-4854-AD04-3D5565745F17}.Debug|Any CPU.ActiveCfg = Debug|Any CPU
		{AAB7B9FF-3ECD-4854-AD04-3D5565745F17}.Debug|Any CPU.Build.0 = Debug|Any CPU
		{AAB7B9FF-3ECD-4854-AD04-3D5565745F17}.Release|Any CPU.ActiveCfg = Release|Any CPU
		{AAB7B9FF-3ECD-4854-AD04-3D5565745F17}.Release|Any CPU.Build.0 = Release|Any CPU
	EndGlobalSection
	GlobalSection(SolutionProperties) = preSolution
		HideSolutionNode = FALSE
	EndGlobalSection
	GlobalSection(ExtensibilityGlobals) = postSolution
		SolutionGuid = {E0CF731A-051E-4012-A487-ECE6EF2FB418}
	EndGlobalSection
EndGlobal
