
Microsoft Visual Studio Solution File, Format Version 12.00
# Visual Studio Version 17
VisualStudioVersion = 17.6.33815.320
MinimumVisualStudioVersion = 10.0.40219.1
Project("{F184B08F-C81C-45F6-A57F-5ABD9991F28F}") = "HospitalBilling", "HospitalBilling.vbproj", "{9E600963-6999-4869-ABDA-F4B2D11540D3}"
EndProject
Global
	GlobalSection(SolutionConfigurationPlatforms) = preSolution
		Debug|Any CPU = Debug|Any CPU
		Release|Any CPU = Release|Any CPU
	EndGlobalSection
	GlobalSection(ProjectConfigurationPlatforms) = postSolution
		{9E600963-6999-4869-ABDA-F4B2D11540D3}.Debug|Any CPU.ActiveCfg = Debug|Any CPU
		{9E600963-6999-4869-ABDA-F4B2D11540D3}.Debug|Any CPU.Build.0 = Debug|Any CPU
		{9E600963-6999-4869-ABDA-F4B2D11540D3}.Release|Any CPU.ActiveCfg = Release|Any CPU
		{9E600963-6999-4869-ABDA-F4B2D11540D3}.Release|Any CPU.Build.0 = Release|Any CPU
	EndGlobalSection
	GlobalSection(SolutionProperties) = preSolution
		HideSolutionNode = FALSE
	EndGlobalSection
	GlobalSection(ExtensibilityGlobals) = postSolution
		SolutionGuid = {3D35B7AF-1B6A-4647-A545-923C0E6F0064}
	EndGlobalSection
EndGlobal
