
Microsoft Visual Studio Solution File, Format Version 12.00
# Visual Studio Version 17
VisualStudioVersion = 17.6.33815.320
MinimumVisualStudioVersion = 10.0.40219.1
Project("{F184B08F-C81C-45F6-A57F-5ABD9991F28F}") = "ArraySortAscending", "ArraySortAscending.vbproj", "{BAB066DF-0639-4E1C-9E69-EF4BFBE76C0D}"
EndProject
Global
	GlobalSection(SolutionConfigurationPlatforms) = preSolution
		Debug|Any CPU = Debug|Any CPU
		Release|Any CPU = Release|Any CPU
	EndGlobalSection
	GlobalSection(ProjectConfigurationPlatforms) = postSolution
		{BAB066DF-0639-4E1C-9E69-EF4BFBE76C0D}.Debug|Any CPU.ActiveCfg = Debug|Any CPU
		{BAB066DF-0639-4E1C-9E69-EF4BFBE76C0D}.Debug|Any CPU.Build.0 = Debug|Any CPU
		{BAB066DF-0639-4E1C-9E69-EF4BFBE76C0D}.Release|Any CPU.ActiveCfg = Release|Any CPU
		{BAB066DF-0639-4E1C-9E69-EF4BFBE76C0D}.Release|Any CPU.Build.0 = Release|Any CPU
	EndGlobalSection
	GlobalSection(SolutionProperties) = preSolution
		HideSolutionNode = FALSE
	EndGlobalSection
	GlobalSection(ExtensibilityGlobals) = postSolution
		SolutionGuid = {5540BE15-5F41-41BE-83E1-9FFA97EFC37E}
	EndGlobalSection
EndGlobal
