
Microsoft Visual Studio Solution File, Format Version 12.00
# Visual Studio Version 17
VisualStudioVersion = 17.6.33815.320
MinimumVisualStudioVersion = 10.0.40219.1
Project("{F184B08F-C81C-45F6-A57F-5ABD9991F28F}") = "DatabaseOperationsDisconnectedEncapsulationInterface1", "DatabaseOperationsDisconnectedEncapsulationInterface1.vbproj", "{171E2F0C-F9B5-4410-AD09-42D99C78986D}"
EndProject
Global
	GlobalSection(SolutionConfigurationPlatforms) = preSolution
		Debug|Any CPU = Debug|Any CPU
		Release|Any CPU = Release|Any CPU
	EndGlobalSection
	GlobalSection(ProjectConfigurationPlatforms) = postSolution
		{171E2F0C-F9B5-4410-AD09-42D99C78986D}.Debug|Any CPU.ActiveCfg = Debug|Any CPU
		{171E2F0C-F9B5-4410-AD09-42D99C78986D}.Debug|Any CPU.Build.0 = Debug|Any CPU
		{171E2F0C-F9B5-4410-AD09-42D99C78986D}.Release|Any CPU.ActiveCfg = Release|Any CPU
		{171E2F0C-F9B5-4410-AD09-42D99C78986D}.Release|Any CPU.Build.0 = Release|Any CPU
	EndGlobalSection
	GlobalSection(SolutionProperties) = preSolution
		HideSolutionNode = FALSE
	EndGlobalSection
	GlobalSection(ExtensibilityGlobals) = postSolution
		SolutionGuid = {F14DF6C9-8C08-45BC-A2B1-84E7DD6832DA}
	EndGlobalSection
EndGlobal
