
Microsoft Visual Studio Solution File, Format Version 12.00
# Visual Studio Version 17
VisualStudioVersion = 17.6.33815.320
MinimumVisualStudioVersion = 10.0.40219.1
Project("{F184B08F-C81C-45F6-A57F-5ABD9991F28F}") = "StringPallindrome", "StringPallindrome.vbproj", "{C9999C24-A57D-4C05-927A-55B04FE8318B}"
EndProject
Global
	GlobalSection(SolutionConfigurationPlatforms) = preSolution
		Debug|Any CPU = Debug|Any CPU
		Release|Any CPU = Release|Any CPU
	EndGlobalSection
	GlobalSection(ProjectConfigurationPlatforms) = postSolution
		{C9999C24-A57D-4C05-927A-55B04FE8318B}.Debug|Any CPU.ActiveCfg = Debug|Any CPU
		{C9999C24-A57D-4C05-927A-55B04FE8318B}.Debug|Any CPU.Build.0 = Debug|Any CPU
		{C9999C24-A57D-4C05-927A-55B04FE8318B}.Release|Any CPU.ActiveCfg = Release|Any CPU
		{C9999C24-A57D-4C05-927A-55B04FE8318B}.Release|Any CPU.Build.0 = Release|Any CPU
	EndGlobalSection
	GlobalSection(SolutionProperties) = preSolution
		HideSolutionNode = FALSE
	EndGlobalSection
	GlobalSection(ExtensibilityGlobals) = postSolution
		SolutionGuid = {ED1FF2DC-6D75-4FAA-973C-F5D6E1DE39F4}
	EndGlobalSection
EndGlobal
