
Microsoft Visual Studio Solution File, Format Version 12.00
# Visual Studio Version 17
VisualStudioVersion = 17.6.33815.320
MinimumVisualStudioVersion = 10.0.40219.1
Project("{F184B08F-C81C-45F6-A57F-5ABD9991F28F}") = "Factorial", "Factorial.vbproj", "{445191AC-4966-4526-AD27-06DE3F55F593}"
EndProject
Global
	GlobalSection(SolutionConfigurationPlatforms) = preSolution
		Debug|Any CPU = Debug|Any CPU
		Release|Any CPU = Release|Any CPU
	EndGlobalSection
	GlobalSection(ProjectConfigurationPlatforms) = postSolution
		{445191AC-4966-4526-AD27-06DE3F55F593}.Debug|Any CPU.ActiveCfg = Debug|Any CPU
		{445191AC-4966-4526-AD27-06DE3F55F593}.Debug|Any CPU.Build.0 = Debug|Any CPU
		{445191AC-4966-4526-AD27-06DE3F55F593}.Release|Any CPU.ActiveCfg = Release|Any CPU
		{445191AC-4966-4526-AD27-06DE3F55F593}.Release|Any CPU.Build.0 = Release|Any CPU
	EndGlobalSection
	GlobalSection(SolutionProperties) = preSolution
		HideSolutionNode = FALSE
	EndGlobalSection
	GlobalSection(ExtensibilityGlobals) = postSolution
		SolutionGuid = {FF62D074-6721-4806-95A7-5EDA055852FB}
	EndGlobalSection
EndGlobal
