
Microsoft Visual Studio Solution File, Format Version 12.00
# Visual Studio Version 17
VisualStudioVersion = 17.6.33815.320
MinimumVisualStudioVersion = 10.0.40219.1
Project("{F184B08F-C81C-45F6-A57F-5ABD9991F28F}") = "LINQListWhere", "LINQListWhere.vbproj", "{72F42234-A50E-4CF7-B890-0B1706957158}"
EndProject
Global
	GlobalSection(SolutionConfigurationPlatforms) = preSolution
		Debug|Any CPU = Debug|Any CPU
		Release|Any CPU = Release|Any CPU
	EndGlobalSection
	GlobalSection(ProjectConfigurationPlatforms) = postSolution
		{72F42234-A50E-4CF7-B890-0B1706957158}.Debug|Any CPU.ActiveCfg = Debug|Any CPU
		{72F42234-A50E-4CF7-B890-0B1706957158}.Debug|Any CPU.Build.0 = Debug|Any CPU
		{72F42234-A50E-4CF7-B890-0B1706957158}.Release|Any CPU.ActiveCfg = Release|Any CPU
		{72F42234-A50E-4CF7-B890-0B1706957158}.Release|Any CPU.Build.0 = Release|Any CPU
	EndGlobalSection
	GlobalSection(SolutionProperties) = preSolution
		HideSolutionNode = FALSE
	EndGlobalSection
	GlobalSection(ExtensibilityGlobals) = postSolution
		SolutionGuid = {1547CD58-5AD0-4339-926D-79CBE62C0C8B}
	EndGlobalSection
EndGlobal
