
Microsoft Visual Studio Solution File, Format Version 12.00
# Visual Studio Version 17
VisualStudioVersion = 17.6.33815.320
MinimumVisualStudioVersion = 10.0.40219.1
Project("{F184B08F-C81C-45F6-A57F-5ABD9991F28F}") = "FileOperations1", "FileOperations1.vbproj", "{5E92F6BD-9B7F-4579-B10E-00A341BA9611}"
EndProject
Global
	GlobalSection(SolutionConfigurationPlatforms) = preSolution
		Debug|Any CPU = Debug|Any CPU
		Release|Any CPU = Release|Any CPU
	EndGlobalSection
	GlobalSection(ProjectConfigurationPlatforms) = postSolution
		{5E92F6BD-9B7F-4579-B10E-00A341BA9611}.Debug|Any CPU.ActiveCfg = Debug|Any CPU
		{5E92F6BD-9B7F-4579-B10E-00A341BA9611}.Debug|Any CPU.Build.0 = Debug|Any CPU
		{5E92F6BD-9B7F-4579-B10E-00A341BA9611}.Release|Any CPU.ActiveCfg = Release|Any CPU
		{5E92F6BD-9B7F-4579-B10E-00A341BA9611}.Release|Any CPU.Build.0 = Release|Any CPU
	EndGlobalSection
	GlobalSection(SolutionProperties) = preSolution
		HideSolutionNode = FALSE
	EndGlobalSection
	GlobalSection(ExtensibilityGlobals) = postSolution
		SolutionGuid = {89DEC330-5FBC-4797-84B4-215A9B9A2670}
	EndGlobalSection
EndGlobal
